
Microsoft Visual Studio Solution File, Format Version 12.00
# Visual Studio Version 17
VisualStudioVersion = 17.5.33414.496
MinimumVisualStudioVersion = 10.0.40219.1
Project("{FAE04EC0-301F-11D3-BF4B-00C04F79EFBC}") = "DemoApp1", "DemoApp1\DemoApp1.csproj", "{894B68B4-7AA9-435E-8F23-0CA1C1E7E229}"
EndProject
Project("{FAE04EC0-301F-11D3-BF4B-00C04F79EFBC}") = "DemoApp2", "DemoApp2\DemoApp2.csproj", "{A5FEB082-EABD-4370-BEE4-7973230011F1}"
EndProject
Global
	GlobalSection(SolutionConfigurationPlatforms) = preSolution
		Debug|Any CPU = Debug|Any CPU
		Release|Any CPU = Release|Any CPU
	EndGlobalSection
	GlobalSection(ProjectConfigurationPlatforms) = postSolution
		{894B68B4-7AA9-435E-8F23-0CA1C1E7E229}.Debug|Any CPU.ActiveCfg = Debug|Any CPU
		{894B68B4-7AA9-435E-8F23-0CA1C1E7E229}.Debug|Any CPU.Build.0 = Debug|Any CPU
		{894B68B4-7AA9-435E-8F23-0CA1C1E7E229}.Release|Any CPU.ActiveCfg = Release|Any CPU
		{894B68B4-7AA9-435E-8F23-0CA1C1E7E229}.Release|Any CPU.Build.0 = Release|Any CPU
		{A5FEB082-EABD-4370-BEE4-7973230011F1}.Debug|Any CPU.ActiveCfg = Debug|Any CPU
		{A5FEB082-EABD-4370-BEE4-7973230011F1}.Debug|Any CPU.Build.0 = Debug|Any CPU
		{A5FEB082-EABD-4370-BEE4-7973230011F1}.Release|Any CPU.ActiveCfg = Release|Any CPU
		{A5FEB082-EABD-4370-BEE4-7973230011F1}.Release|Any CPU.Build.0 = Release|Any CPU
	EndGlobalSection
	GlobalSection(SolutionProperties) = preSolution
		HideSolutionNode = FALSE
	EndGlobalSection
	GlobalSection(ExtensibilityGlobals) = postSolution
		SolutionGuid = {FB789C2B-00BC-409B-AB2B-FDC29D2E3B22}
	EndGlobalSection
EndGlobal
